
Microsoft Visual Studio Solution File, Format Version 12.00
# Visual Studio 15
Project("{FAE04EC0-301F-11D3-BF4B-00C04F79EFBC}") = "Assembly-CSharp", "Assembly-CSharp.csproj", "{9BFE0BBB-6600-B3DB-7728-83CE6AF4BD31}"
EndProject
Project("{FAE04EC0-301F-11D3-BF4B-00C04F79EFBC}") = "SteamVR", "SteamVR.csproj", "{53EAE17B-1FC6-B225-2D72-CEC0F76CCAB0}"
EndProject
Project("{FAE04EC0-301F-11D3-BF4B-00C04F79EFBC}") = "Assembly-CSharp-Editor", "Assembly-CSharp-Editor.csproj", "{2AB72F90-FCBC-3902-F163-5618F913990A}"
EndProject
Project("{FAE04EC0-301F-11D3-BF4B-00C04F79EFBC}") = "SteamVR_Editor", "SteamVR_Editor.csproj", "{EFECA932-F504-0C98-C960-1F6B27BC9A50}"
EndProject
Project("{FAE04EC0-301F-11D3-BF4B-00C04F79EFBC}") = "SteamVR_Input_Editor", "SteamVR_Input_Editor.csproj", "{8F3E2B28-9321-9D35-C1BF-0B5A41A244BE}"
EndProject
Project("{FAE04EC0-301F-11D3-BF4B-00C04F79EFBC}") = "SteamVR_Windows_EditorHelper", "SteamVR_Windows_EditorHelper.csproj", "{1268D54F-5C63-408E-7974-307A1933563B}"
EndProject
Global
	GlobalSection(SolutionConfigurationPlatforms) = preSolution
		Debug|Any CPU = Debug|Any CPU
		Release|Any CPU = Release|Any CPU
	EndGlobalSection
	GlobalSection(ProjectConfigurationPlatforms) = postSolution
		{9BFE0BBB-6600-B3DB-7728-83CE6AF4BD31}.Debug|Any CPU.ActiveCfg = Debug|Any CPU
		{9BFE0BBB-6600-B3DB-7728-83CE6AF4BD31}.Debug|Any CPU.Build.0 = Debug|Any CPU
		{9BFE0BBB-6600-B3DB-7728-83CE6AF4BD31}.Release|Any CPU.ActiveCfg = Release|Any CPU
		{9BFE0BBB-6600-B3DB-7728-83CE6AF4BD31}.Release|Any CPU.Build.0 = Release|Any CPU
		{53EAE17B-1FC6-B225-2D72-CEC0F76CCAB0}.Debug|Any CPU.ActiveCfg = Debug|Any CPU
		{53EAE17B-1FC6-B225-2D72-CEC0F76CCAB0}.Debug|Any CPU.Build.0 = Debug|Any CPU
		{53EAE17B-1FC6-B225-2D72-CEC0F76CCAB0}.Release|Any CPU.ActiveCfg = Release|Any CPU
		{53EAE17B-1FC6-B225-2D72-CEC0F76CCAB0}.Release|Any CPU.Build.0 = Release|Any CPU
		{2AB72F90-FCBC-3902-F163-5618F913990A}.Debug|Any CPU.ActiveCfg = Debug|Any CPU
		{2AB72F90-FCBC-3902-F163-5618F913990A}.Debug|Any CPU.Build.0 = Debug|Any CPU
		{2AB72F90-FCBC-3902-F163-5618F913990A}.Release|Any CPU.ActiveCfg = Release|Any CPU
		{2AB72F90-FCBC-3902-F163-5618F913990A}.Release|Any CPU.Build.0 = Release|Any CPU
		{EFECA932-F504-0C98-C960-1F6B27BC9A50}.Debug|Any CPU.ActiveCfg = Debug|Any CPU
		{EFECA932-F504-0C98-C960-1F6B27BC9A50}.Debug|Any CPU.Build.0 = Debug|Any CPU
		{EFECA932-F504-0C98-C960-1F6B27BC9A50}.Release|Any CPU.ActiveCfg = Release|Any CPU
		{EFECA932-F504-0C98-C960-1F6B27BC9A50}.Release|Any CPU.Build.0 = Release|Any CPU
		{8F3E2B28-9321-9D35-C1BF-0B5A41A244BE}.Debug|Any CPU.ActiveCfg = Debug|Any CPU
		{8F3E2B28-9321-9D35-C1BF-0B5A41A244BE}.Debug|Any CPU.Build.0 = Debug|Any CPU
		{8F3E2B28-9321-9D35-C1BF-0B5A41A244BE}.Release|Any CPU.ActiveCfg = Release|Any CPU
		{8F3E2B28-9321-9D35-C1BF-0B5A41A244BE}.Release|Any CPU.Build.0 = Release|Any CPU
		{1268D54F-5C63-408E-7974-307A1933563B}.Debug|Any CPU.ActiveCfg = Debug|Any CPU
		{1268D54F-5C63-408E-7974-307A1933563B}.Debug|Any CPU.Build.0 = Debug|Any CPU
		{1268D54F-5C63-408E-7974-307A1933563B}.Release|Any CPU.ActiveCfg = Release|Any CPU
		{1268D54F-5C63-408E-7974-307A1933563B}.Release|Any CPU.Build.0 = Release|Any CPU
	EndGlobalSection
	GlobalSection(SolutionProperties) = preSolution
		HideSolutionNode = FALSE
	EndGlobalSection
EndGlobal
